{
  "requires": true,
  "lockfileVersion": 1,
  "dependencies": {
    "@types/js-cookie": {
      "version": "3.0.6",
      "resolved": "https://registry.npmjs.org/@types/js-cookie/-/js-cookie-3.0.6.tgz",
      "integrity": "sha512-wkw9yd1kEXOPnvEeEV1Go1MmxtBJL0RR79aOTAApecWFVu7w0NNXNqhcWgvw2YgZDYadliXkl14pa3WXw5jlCQ==",
      "dev": true
    },
    "dequal": {
      "version": "2.0.3",
      "resolved": "https://registry.npmjs.org/dequal/-/dequal-2.0.3.tgz",
      "integrity": "sha512-0je+qPKHEMohvfRTCEo3CrPG6cAzAYgmzKyxRiYSSDkS6eGJdyVJm7WaYA5ECaAD9wLB2T4EEeymA5aFVcYXCA=="
    },
    "js-cookie": {
      "version": "3.0.5",
      "resolved": "https://registry.npmjs.org/js-cookie/-/js-cookie-3.0.5.tgz",
      "integrity": "sha512-cEiJEAEoIbWfCZYKWhVwFuvPX1gETRYPw6LlaTKoxD3s2AkXzkCjnp6h0V77ozyqj0jakteJ4YqDJT830+lVGw=="
    },
    "react-hook-form": {
      "version": "7.58.1",
      "resolved": "https://registry.npmjs.org/react-hook-form/-/react-hook-form-7.58.1.tgz",
      "integrity": "sha512-Lml/KZYEEFfPhUVgE0RdCVpnC4yhW+PndRhbiTtdvSlQTL8IfVR+iQkBjLIvmmc6+GGoVeM11z37ktKFPAb0FA=="
    },
    "swr": {
      "version": "2.3.3",
      "resolved": "https://registry.npmjs.org/swr/-/swr-2.3.3.tgz",
      "integrity": "sha512-dshNvs3ExOqtZ6kJBaAsabhPdHyeY4P2cKwRCniDVifBMoG/SVI7tfLWqPXriVspf2Rg4tPzXJTnwaihIeFw2A==",
      "requires": {
        "dequal": "^2.0.3",
        "use-sync-external-store": "^1.4.0"
      }
    },
    "use-sync-external-store": {
      "version": "1.5.0",
      "resolved": "https://registry.npmjs.org/use-sync-external-store/-/use-sync-external-store-1.5.0.tgz",
      "integrity": "sha512-Rb46I4cGGVBmjamjphe8L/UnvJD+uPPtTkNvX5mZgqdbavhI4EbgIWJiIHXJ8bc/i9EQGPRh4DwEURJ552Do0A=="
    },
    "wretch": {
      "version": "2.11.0",
      "resolved": "https://registry.npmjs.org/wretch/-/wretch-2.11.0.tgz",
      "integrity": "sha512-zbFW4PnPSS5RFQabHRkCAcMQjmFGrEQLcJwYe4YGXL9KWXneu03Dtaz2JUeqEkOwNDMjdfHEHPL+AIZJwE+y1g=="
    }
  }
}
